version = 1
revision = 3
requires-python = ">=3.14"

[[package]]
name = "egcd"
version = "0.6.0"
source = { registry = "https://pypi.org/simple" }
sdist = { url = "https://files.pythonhosted.org/packages/e5/23/8f4571cf2a5abb03b550b9836e6dd39c2e1aa79cf887d24d1a04268910dd/egcd-0.6.0.tar.gz", hash = "sha256:5a24abb2ad91c3cd1b9d8b1bda79dd7bf0828a2f06d0cfc294509bb4d625bb2e", size = 5053, upload-time = "2024-03-05T05:46:00.084Z" }
wheels = [
    { url = "https://files.pythonhosted.org/packages/87/66/f7578806abdecf5446d20ee7740310215bed11ef5d32678f3ba060032d74/egcd-0.6.0-py3-none-any.whl", hash = "sha256:fdf24b6464e37e1e5024a4445da0d9005b9e381d3de7f11ce98577b644682f7f", size = 5319, upload-time = "2024-03-05T05:45:58.25Z" },
]

[[package]]
name = "modulo"
version = "2.1.0"
source = { registry = "https://pypi.org/simple" }
dependencies = [
    { name = "egcd" },
]
sdist = { url = "https://files.pythonhosted.org/packages/8d/f1/6870979dda274664a26af843dbb3f3a6daa2ab171fb44b2dba5c9ae4089a/modulo-2.1.0.tar.gz", hash = "sha256:87f5100d176835052e16970af062ce68f90eefc408bb58955fcbbc99bffe5858", size = 13345, upload-time = "2023-06-03T03:58:50.908Z" }
wheels = [
    { url = "https://files.pythonhosted.org/packages/3c/eb/b556bd47c98675d4998abcfa245abc38e2b8bf120b74557558b6a23e2a63/modulo-2.1.0-py3-none-any.whl", hash = "sha256:bdd5106ae5ef2a02385372d8eca8ec73a38a91118bb0ad100f419c40cfdb9abf", size = 11541, upload-time = "2023-06-03T03:58:48.894Z" },
]

[[package]]
name = "nla-project"
version = "0.1.0"
source = { virtual = "." }
dependencies = [
    { name = "modulo" },
]

[package.metadata]
requires-dist = [{ name = "modulo", specifier = ">=2.1.0" }]
